
Microsoft Visual Studio Solution File, Format Version 12.00
# Visual Studio Version 17
VisualStudioVersion = 17.14.36127.28 d17.14
MinimumVisualStudioVersion = 10.0.40219.1
Project("{FAE04EC0-301F-11D3-BF4B-00C04F79EFBC}") = "SignalR.Web", "SignalR.Web\SignalR.Web.csproj", "{E5F55E40-93F1-4BA1-8146-ABB61598BF47}"
EndProject
Global
	GlobalSection(SolutionConfigurationPlatforms) = preSolution
		Debug|Any CPU = Debug|Any CPU
		Release|Any CPU = Release|Any CPU
	EndGlobalSection
	GlobalSection(ProjectConfigurationPlatforms) = postSolution
		{E5F55E40-93F1-4BA1-8146-ABB61598BF47}.Debug|Any CPU.ActiveCfg = Debug|Any CPU
		{E5F55E40-93F1-4BA1-8146-ABB61598BF47}.Debug|Any CPU.Build.0 = Debug|Any CPU
		{E5F55E40-93F1-4BA1-8146-ABB61598BF47}.Release|Any CPU.ActiveCfg = Release|Any CPU
		{E5F55E40-93F1-4BA1-8146-ABB61598BF47}.Release|Any CPU.Build.0 = Release|Any CPU
	EndGlobalSection
	GlobalSection(SolutionProperties) = preSolution
		HideSolutionNode = FALSE
	EndGlobalSection
	GlobalSection(ExtensibilityGlobals) = postSolution
		SolutionGuid = {9F83390E-ADEE-48CF-BFE7-6842138DC791}
	EndGlobalSection
EndGlobal
